
Microsoft Visual Studio Solution File, Format Version 12.00
# Visual Studio 15
VisualStudioVersion = 15.0.28307.329
MinimumVisualStudioVersion = 10.0.40219.1
Project("{FAE04EC0-301F-11D3-BF4B-00C04F79EFBC}") = "UnitTestNDBProject", "UnitTestNDBProject\UnitTestNDBProject.csproj", "{61CB536A-2A0E-46E9-829A-EA62F4739FFD}"
EndProject
Global
	GlobalSection(SolutionConfigurationPlatforms) = preSolution
		Debug|Any CPU = Debug|Any CPU
		Debug|x86 = Debug|x86
		Release|Any CPU = Release|Any CPU
		Release|x86 = Release|x86
	EndGlobalSection
	GlobalSection(ProjectConfigurationPlatforms) = postSolution
		{61CB536A-2A0E-46E9-829A-EA62F4739FFD}.Debug|Any CPU.ActiveCfg = Debug|Any CPU
		{61CB536A-2A0E-46E9-829A-EA62F4739FFD}.Debug|Any CPU.Build.0 = Debug|Any CPU
		{61CB536A-2A0E-46E9-829A-EA62F4739FFD}.Debug|x86.ActiveCfg = Debug|x86
		{61CB536A-2A0E-46E9-829A-EA62F4739FFD}.Debug|x86.Build.0 = Debug|x86
		{61CB536A-2A0E-46E9-829A-EA62F4739FFD}.Release|Any CPU.ActiveCfg = Release|Any CPU
		{61CB536A-2A0E-46E9-829A-EA62F4739FFD}.Release|Any CPU.Build.0 = Release|Any CPU
		{61CB536A-2A0E-46E9-829A-EA62F4739FFD}.Release|x86.ActiveCfg = Release|x86
		{61CB536A-2A0E-46E9-829A-EA62F4739FFD}.Release|x86.Build.0 = Release|x86
	EndGlobalSection
	GlobalSection(SolutionProperties) = preSolution
		HideSolutionNode = FALSE
	EndGlobalSection
	GlobalSection(ExtensibilityGlobals) = postSolution
		SolutionGuid = {F224C509-0C95-4CDD-9C8D-98F9D8A438B5}
	EndGlobalSection
EndGlobal
